
Microsoft Visual Studio Solution File, Format Version 12.00
# Visual Studio Version 17
VisualStudioVersion = 17.11.35219.272
MinimumVisualStudioVersion = 10.0.40219.1
Project("{FAE04EC0-301F-11D3-BF4B-00C04F79EFBC}") = "Actividad_Repository", "Actividad_Repository.csproj", "{840572AD-7E43-434A-BF1F-0DF856BBC011}"
EndProject
Global
	GlobalSection(SolutionConfigurationPlatforms) = preSolution
		Debug|Any CPU = Debug|Any CPU
		Release|Any CPU = Release|Any CPU
	EndGlobalSection
	GlobalSection(ProjectConfigurationPlatforms) = postSolution
		{840572AD-7E43-434A-BF1F-0DF856BBC011}.Debug|Any CPU.ActiveCfg = Debug|Any CPU
		{840572AD-7E43-434A-BF1F-0DF856BBC011}.Debug|Any CPU.Build.0 = Debug|Any CPU
		{840572AD-7E43-434A-BF1F-0DF856BBC011}.Release|Any CPU.ActiveCfg = Release|Any CPU
		{840572AD-7E43-434A-BF1F-0DF856BBC011}.Release|Any CPU.Build.0 = Release|Any CPU
	EndGlobalSection
	GlobalSection(SolutionProperties) = preSolution
		HideSolutionNode = FALSE
	EndGlobalSection
	GlobalSection(ExtensibilityGlobals) = postSolution
		SolutionGuid = {2DF8E9AA-4B3F-4017-9571-265CBC1D5F8D}
	EndGlobalSection
EndGlobal
